
Microsoft Visual Studio Solution File, Format Version 12.00
# Visual Studio Version 17
VisualStudioVersion = 17.2.32616.157
MinimumVisualStudioVersion = 10.0.40219.1
Project("{9A19103F-16F7-4668-BE54-9A1E7A4F7556}") = "Messenger.iMessengerCoreAPI", "iMessengerCoreAPI\Messenger.iMessengerCoreAPI.csproj", "{2F48FCD9-CC29-4076-913D-6763E4C1DD91}"
EndProject
Project("{9A19103F-16F7-4668-BE54-9A1E7A4F7556}") = "Messenger.Domain", "Domain\Messenger.Domain.csproj", "{D0A858FA-4012-4D5E-8F82-209AAD1AE0BA}"
EndProject
Project("{9A19103F-16F7-4668-BE54-9A1E7A4F7556}") = "Messenger.Infrastructure", "Infrastructure\Messenger.Infrastructure.csproj", "{555B8910-B634-4165-AC72-09DFF2B182E9}"
EndProject
Global
	GlobalSection(SolutionConfigurationPlatforms) = preSolution
		Debug|Any CPU = Debug|Any CPU
		Release|Any CPU = Release|Any CPU
	EndGlobalSection
	GlobalSection(ProjectConfigurationPlatforms) = postSolution
		{2F48FCD9-CC29-4076-913D-6763E4C1DD91}.Debug|Any CPU.ActiveCfg = Debug|Any CPU
		{2F48FCD9-CC29-4076-913D-6763E4C1DD91}.Debug|Any CPU.Build.0 = Debug|Any CPU
		{2F48FCD9-CC29-4076-913D-6763E4C1DD91}.Release|Any CPU.ActiveCfg = Release|Any CPU
		{2F48FCD9-CC29-4076-913D-6763E4C1DD91}.Release|Any CPU.Build.0 = Release|Any CPU
		{D0A858FA-4012-4D5E-8F82-209AAD1AE0BA}.Debug|Any CPU.ActiveCfg = Debug|Any CPU
		{D0A858FA-4012-4D5E-8F82-209AAD1AE0BA}.Debug|Any CPU.Build.0 = Debug|Any CPU
		{D0A858FA-4012-4D5E-8F82-209AAD1AE0BA}.Release|Any CPU.ActiveCfg = Release|Any CPU
		{D0A858FA-4012-4D5E-8F82-209AAD1AE0BA}.Release|Any CPU.Build.0 = Release|Any CPU
		{555B8910-B634-4165-AC72-09DFF2B182E9}.Debug|Any CPU.ActiveCfg = Debug|Any CPU
		{555B8910-B634-4165-AC72-09DFF2B182E9}.Debug|Any CPU.Build.0 = Debug|Any CPU
		{555B8910-B634-4165-AC72-09DFF2B182E9}.Release|Any CPU.ActiveCfg = Release|Any CPU
		{555B8910-B634-4165-AC72-09DFF2B182E9}.Release|Any CPU.Build.0 = Release|Any CPU
	EndGlobalSection
	GlobalSection(SolutionProperties) = preSolution
		HideSolutionNode = FALSE
	EndGlobalSection
	GlobalSection(ExtensibilityGlobals) = postSolution
		SolutionGuid = {9695317B-7BD9-4F2F-8F2E-96E2983D57E1}
	EndGlobalSection
EndGlobal
